
Microsoft Visual Studio Solution File, Format Version 12.00
# Visual Studio 15
VisualStudioVersion = 15.0.28307.271
MinimumVisualStudioVersion = 10.0.40219.1
Project("{FAE04EC0-301F-11D3-BF4B-00C04F79EFBC}") = "City.Chain.Insight", "src\City.Chain.Insight\City.Chain.Insight.csproj", "{6E1E61E4-3B22-47E6-83F7-709ABC0260A1}"
EndProject
Global
	GlobalSection(SolutionConfigurationPlatforms) = preSolution
		Debug|Any CPU = Debug|Any CPU
		Release|Any CPU = Release|Any CPU
	EndGlobalSection
	GlobalSection(ProjectConfigurationPlatforms) = postSolution
		{6E1E61E4-3B22-47E6-83F7-709ABC0260A1}.Debug|Any CPU.ActiveCfg = Debug|Any CPU
		{6E1E61E4-3B22-47E6-83F7-709ABC0260A1}.Debug|Any CPU.Build.0 = Debug|Any CPU
		{6E1E61E4-3B22-47E6-83F7-709ABC0260A1}.Release|Any CPU.ActiveCfg = Release|Any CPU
		{6E1E61E4-3B22-47E6-83F7-709ABC0260A1}.Release|Any CPU.Build.0 = Release|Any CPU
	EndGlobalSection
	GlobalSection(SolutionProperties) = preSolution
		HideSolutionNode = FALSE
	EndGlobalSection
	GlobalSection(ExtensibilityGlobals) = postSolution
		SolutionGuid = {44E5CB4E-7A7E-4F0E-AD12-2D32C4987F94}
	EndGlobalSection
EndGlobal
